
Microsoft Visual Studio Solution File, Format Version 12.00
# Visual Studio Version 17
VisualStudioVersion = 17.14.37012.4 d17.14
MinimumVisualStudioVersion = 10.0.40219.1
Project("{FAE04EC0-301F-11D3-BF4B-00C04F79EFBC}") = "StoreManagementSystem", "Finalproject\StoreManagementSystem.csproj", "{5E586252-918F-4CE3-B5A4-39853248D8C1}"
EndProject
Global
	GlobalSection(SolutionConfigurationPlatforms) = preSolution
		Debug|Any CPU = Debug|Any CPU
		Release|Any CPU = Release|Any CPU
	EndGlobalSection
	GlobalSection(ProjectConfigurationPlatforms) = postSolution
		{5E586252-918F-4CE3-B5A4-39853248D8C1}.Debug|Any CPU.ActiveCfg = Debug|Any CPU
		{5E586252-918F-4CE3-B5A4-39853248D8C1}.Debug|Any CPU.Build.0 = Debug|Any CPU
		{5E586252-918F-4CE3-B5A4-39853248D8C1}.Release|Any CPU.ActiveCfg = Release|Any CPU
		{5E586252-918F-4CE3-B5A4-39853248D8C1}.Release|Any CPU.Build.0 = Release|Any CPU
	EndGlobalSection
	GlobalSection(SolutionProperties) = preSolution
		HideSolutionNode = FALSE
	EndGlobalSection
	GlobalSection(ExtensibilityGlobals) = postSolution
		SolutionGuid = {1A9AD268-33BD-4ECE-9CD6-7B827C33F2A1}
	EndGlobalSection
EndGlobal
